
Microsoft Visual Studio Solution File, Format Version 12.00
# Visual Studio Version 17
VisualStudioVersion = 17.3.32929.385
MinimumVisualStudioVersion = 10.0.40219.1
Project("{FAE04EC0-301F-11D3-BF4B-00C04F79EFBC}") = "Lab5", "Lab5.csproj", "{99AB3C6B-D80B-46BC-A6C5-1E3B6AA4DE0C}"
	ProjectSection(ProjectDependencies) = postProject
		{56958322-75EA-443C-BF6D-B5511060DD07} = {56958322-75EA-443C-BF6D-B5511060DD07}
	EndProjectSection
EndProject
Project("{9A19103F-16F7-4668-BE54-9A1E7A4F7556}") = "ThreeTasksLibrary", "..\ThreeTasksLibrary\ThreeTasksLibrary.csproj", "{56958322-75EA-443C-BF6D-B5511060DD07}"
EndProject
Global
	GlobalSection(SolutionConfigurationPlatforms) = preSolution
		Debug|Any CPU = Debug|Any CPU
		Release|Any CPU = Release|Any CPU
	EndGlobalSection
	GlobalSection(ProjectConfigurationPlatforms) = postSolution
		{99AB3C6B-D80B-46BC-A6C5-1E3B6AA4DE0C}.Debug|Any CPU.ActiveCfg = Debug|Any CPU
		{99AB3C6B-D80B-46BC-A6C5-1E3B6AA4DE0C}.Debug|Any CPU.Build.0 = Debug|Any CPU
		{99AB3C6B-D80B-46BC-A6C5-1E3B6AA4DE0C}.Release|Any CPU.ActiveCfg = Release|Any CPU
		{99AB3C6B-D80B-46BC-A6C5-1E3B6AA4DE0C}.Release|Any CPU.Build.0 = Release|Any CPU
		{56958322-75EA-443C-BF6D-B5511060DD07}.Debug|Any CPU.ActiveCfg = Debug|Any CPU
		{56958322-75EA-443C-BF6D-B5511060DD07}.Debug|Any CPU.Build.0 = Debug|Any CPU
		{56958322-75EA-443C-BF6D-B5511060DD07}.Release|Any CPU.ActiveCfg = Release|Any CPU
		{56958322-75EA-443C-BF6D-B5511060DD07}.Release|Any CPU.Build.0 = Release|Any CPU
	EndGlobalSection
	GlobalSection(SolutionProperties) = preSolution
		HideSolutionNode = FALSE
	EndGlobalSection
	GlobalSection(ExtensibilityGlobals) = postSolution
		SolutionGuid = {92ECE1AF-4A6F-419D-9B37-281DDFFFAD4B}
	EndGlobalSection
EndGlobal
