
Microsoft Visual Studio Solution File, Format Version 12.00
# Visual Studio Version 17
VisualStudioVersion = 17.3.32929.385
MinimumVisualStudioVersion = 10.0.40219.1
Project("{FAE04EC0-301F-11D3-BF4B-00C04F79EFBC}") = "Laba3", "Laba3\Laba3.csproj", "{22C83D10-42DA-4AF7-83E8-3B2B06AFA454}"
EndProject
Global
	GlobalSection(SolutionConfigurationPlatforms) = preSolution
		Debug|Any CPU = Debug|Any CPU
		Release|Any CPU = Release|Any CPU
	EndGlobalSection
	GlobalSection(ProjectConfigurationPlatforms) = postSolution
		{22C83D10-42DA-4AF7-83E8-3B2B06AFA454}.Debug|Any CPU.ActiveCfg = Debug|Any CPU
		{22C83D10-42DA-4AF7-83E8-3B2B06AFA454}.Debug|Any CPU.Build.0 = Debug|Any CPU
		{22C83D10-42DA-4AF7-83E8-3B2B06AFA454}.Release|Any CPU.ActiveCfg = Release|Any CPU
		{22C83D10-42DA-4AF7-83E8-3B2B06AFA454}.Release|Any CPU.Build.0 = Release|Any CPU
	EndGlobalSection
	GlobalSection(SolutionProperties) = preSolution
		HideSolutionNode = FALSE
	EndGlobalSection
	GlobalSection(ExtensibilityGlobals) = postSolution
		SolutionGuid = {B7AE0DD4-222A-40EF-9161-DA6DF1084D31}
	EndGlobalSection
EndGlobal
